// !$*UTF8*$!
{
	archiveVersion = 1;
	classes = {
	};
	objectVersion = 55;
	objects = {

/* Begin PBXBuildFile section */
		A336DF83270D612A008124F3 /* AppDelegate.swift in Sources */ = {isa = PBXBuildFile; fileRef = A336DF82270D612A008124F3 /* AppDelegate.swift */; };
		A336DF85270D612A008124F3 /* SceneDelegate.swift in Sources */ = {isa = PBXBuildFile; fileRef = A336DF84270D612A008124F3 /* SceneDelegate.swift */; };
		A336DF8C270D612B008124F3 /* Assets.xcassets in Resources */ = {isa = PBXBuildFile; fileRef = A336DF8B270D612B008124F3 /* Assets.xcassets */; };
		A336DF8F270D612B008124F3 /* LaunchScreen.storyboard in Resources */ = {isa = PBXBuildFile; fileRef = A336DF8D270D612B008124F3 /* LaunchScreen.storyboard */; };
		A336DF97270D61CD008124F3 /* BaseTabBarController.swift in Sources */ = {isa = PBXBuildFile; fileRef = A336DF96270D61CD008124F3 /* BaseTabBarController.swift */; };
		A3417C4227101CB20097989F /* .gitignore in Resources */ = {isa = PBXBuildFile; fileRef = A3417C4127101CB20097989F /* .gitignore */; };
		A3417C462710220A0097989F /* AppsPageController.swift in Sources */ = {isa = PBXBuildFile; fileRef = A3417C452710220A0097989F /* AppsPageController.swift */; };
		A3417C482710232F0097989F /* BaseListController.swift in Sources */ = {isa = PBXBuildFile; fileRef = A3417C472710232F0097989F /* BaseListController.swift */; };
		A3417C4B271026D80097989F /* AppsGroupCell.swift in Sources */ = {isa = PBXBuildFile; fileRef = A3417C4A271026D80097989F /* AppsGroupCell.swift */; };
		A3417C4D27102F9E0097989F /* AppsHorizontalController.swift in Sources */ = {isa = PBXBuildFile; fileRef = A3417C4C27102F9E0097989F /* AppsHorizontalController.swift */; };
		A3417C4F27104C6D0097989F /* AppRowCell.swift in Sources */ = {isa = PBXBuildFile; fileRef = A3417C4E27104C6D0097989F /* AppRowCell.swift */; };
		A3417C5127104E100097989F /* Extension.swift in Sources */ = {isa = PBXBuildFile; fileRef = A3417C5027104E100097989F /* Extension.swift */; };
		A3417C5327105D180097989F /* AppsPageHeader.swift in Sources */ = {isa = PBXBuildFile; fileRef = A3417C5227105D180097989F /* AppsPageHeader.swift */; };
		A3417C5527105F8B0097989F /* AppsHeaderHorizontalController.swift in Sources */ = {isa = PBXBuildFile; fileRef = A3417C5427105F8B0097989F /* AppsHeaderHorizontalController.swift */; };
		A3417C57271065820097989F /* AppsHeaderCell.swift in Sources */ = {isa = PBXBuildFile; fileRef = A3417C56271065820097989F /* AppsHeaderCell.swift */; };
		A3997982270D80F40054437B /* AppSearchControllerCollectionViewController.swift in Sources */ = {isa = PBXBuildFile; fileRef = A3997981270D80F40054437B /* AppSearchControllerCollectionViewController.swift */; };
		A3997985270D90BE0054437B /* SearchResultCell.swift in Sources */ = {isa = PBXBuildFile; fileRef = A3997984270D90BE0054437B /* SearchResultCell.swift */; };
		A3997988270D9FA80054437B /* UIView+Layout.swift in Sources */ = {isa = PBXBuildFile; fileRef = A3997987270D9FA80054437B /* UIView+Layout.swift */; };
		A399798A270E9D080054437B /* VerticalStackView.swift in Sources */ = {isa = PBXBuildFile; fileRef = A3997989270E9D080054437B /* VerticalStackView.swift */; };
		A399798D270ED4800054437B /* SearchResult.swift in Sources */ = {isa = PBXBuildFile; fileRef = A399798C270ED4800054437B /* SearchResult.swift */; };
		A3997990270EDB2C0054437B /* Service.swift in Sources */ = {isa = PBXBuildFile; fileRef = A399798F270EDB2C0054437B /* Service.swift */; };
		A3997993270EEF760054437B /* SDWebImage in Frameworks */ = {isa = PBXBuildFile; productRef = A3997992270EEF760054437B /* SDWebImage */; };
		A3AD6E2C2715F06C00D39750 /* AppGroup.swift in Sources */ = {isa = PBXBuildFile; fileRef = A3AD6E2B2715F06C00D39750 /* AppGroup.swift */; };
/* End PBXBuildFile section */

/* Begin PBXFileReference section */
		A336DF7F270D612A008124F3 /* AppStoreJSONApi.app */ = {isa = PBXFileReference; explicitFileType = wrapper.application; includeInIndex = 0; path = AppStoreJSONApi.app; sourceTree = BUILT_PRODUCTS_DIR; };
		A336DF82270D612A008124F3 /* AppDelegate.swift */ = {isa = PBXFileReference; lastKnownFileType = sourcecode.swift; path = AppDelegate.swift; sourceTree = "<group>"; };
		A336DF84270D612A008124F3 /* SceneDelegate.swift */ = {isa = PBXFileReference; lastKnownFileType = sourcecode.swift; path = SceneDelegate.swift; sourceTree = "<group>"; };
		A336DF8B270D612B008124F3 /* Assets.xcassets */ = {isa = PBXFileReference; lastKnownFileType = folder.assetcatalog; path = Assets.xcassets; sourceTree = "<group>"; };
		A336DF8E270D612B008124F3 /* Base */ = {isa = PBXFileReference; lastKnownFileType = file.storyboard; name = Base; path = Base.lproj/LaunchScreen.storyboard; sourceTree = "<group>"; };
		A336DF90270D612B008124F3 /* Info.plist */ = {isa = PBXFileReference; lastKnownFileType = text.plist.xml; path = Info.plist; sourceTree = "<group>"; };
		A336DF96270D61CD008124F3 /* BaseTabBarController.swift */ = {isa = PBXFileReference; lastKnownFileType = sourcecode.swift; path = BaseTabBarController.swift; sourceTree = "<group>"; };
		A3417C4127101CB20097989F /* .gitignore */ = {isa = PBXFileReference; lastKnownFileType = text; path = .gitignore; sourceTree = "<group>"; };
		A3417C452710220A0097989F /* AppsPageController.swift */ = {isa = PBXFileReference; lastKnownFileType = sourcecode.swift; path = AppsPageController.swift; sourceTree = "<group>"; };
		A3417C472710232F0097989F /* BaseListController.swift */ = {isa = PBXFileReference; lastKnownFileType = sourcecode.swift; path = BaseListController.swift; sourceTree = "<group>"; };
		A3417C4A271026D80097989F /* AppsGroupCell.swift */ = {isa = PBXFileReference; lastKnownFileType = sourcecode.swift; path = AppsGroupCell.swift; sourceTree = "<group>"; };
		A3417C4C27102F9E0097989F /* AppsHorizontalController.swift */ = {isa = PBXFileReference; lastKnownFileType = sourcecode.swift; path = AppsHorizontalController.swift; sourceTree = "<group>"; };
		A3417C4E27104C6D0097989F /* AppRowCell.swift */ = {isa = PBXFileReference; lastKnownFileType = sourcecode.swift; path = AppRowCell.swift; sourceTree = "<group>"; };
		A3417C5027104E100097989F /* Extension.swift */ = {isa = PBXFileReference; lastKnownFileType = sourcecode.swift; path = Extension.swift; sourceTree = "<group>"; };
		A3417C5227105D180097989F /* AppsPageHeader.swift */ = {isa = PBXFileReference; lastKnownFileType = sourcecode.swift; path = AppsPageHeader.swift; sourceTree = "<group>"; };
		A3417C5427105F8B0097989F /* AppsHeaderHorizontalController.swift */ = {isa = PBXFileReference; lastKnownFileType = sourcecode.swift; path = AppsHeaderHorizontalController.swift; sourceTree = "<group>"; };
		A3417C56271065820097989F /* AppsHeaderCell.swift */ = {isa = PBXFileReference; lastKnownFileType = sourcecode.swift; path = AppsHeaderCell.swift; sourceTree = "<group>"; };
		A3417C5827107F810097989F /* AppStoreJSONApi.entitlements */ = {isa = PBXFileReference; lastKnownFileType = text.plist.entitlements; path = AppStoreJSONApi.entitlements; sourceTree = "<group>"; };
		A3997981270D80F40054437B /* AppSearchControllerCollectionViewController.swift */ = {isa = PBXFileReference; lastKnownFileType = sourcecode.swift; path = AppSearchControllerCollectionViewController.swift; sourceTree = "<group>"; };
		A3997984270D90BE0054437B /* SearchResultCell.swift */ = {isa = PBXFileReference; lastKnownFileType = sourcecode.swift; path = SearchResultCell.swift; sourceTree = "<group>"; };
		A3997987270D9FA80054437B /* UIView+Layout.swift */ = {isa = PBXFileReference; lastKnownFileType = sourcecode.swift; path = "UIView+Layout.swift"; sourceTree = "<group>"; };
		A3997989270E9D080054437B /* VerticalStackView.swift */ = {isa = PBXFileReference; lastKnownFileType = sourcecode.swift; path = VerticalStackView.swift; sourceTree = "<group>"; };
		A399798C270ED4800054437B /* SearchResult.swift */ = {isa = PBXFileReference; lastKnownFileType = sourcecode.swift; path = SearchResult.swift; sourceTree = "<group>"; };
		A399798F270EDB2C0054437B /* Service.swift */ = {isa = PBXFileReference; lastKnownFileType = sourcecode.swift; path = Service.swift; sourceTree = "<group>"; };
		A3AD6E2B2715F06C00D39750 /* AppGroup.swift */ = {isa = PBXFileReference; lastKnownFileType = sourcecode.swift; path = AppGroup.swift; sourceTree = "<group>"; };
/* End PBXFileReference section */

/* Begin PBXFrameworksBuildPhase section */
		A336DF7C270D612A008124F3 /* Frameworks */ = {
			isa = PBXFrameworksBuildPhase;
			buildActionMask = 2147483647;
			files = (
				A3997993270EEF760054437B /* SDWebImage in Frameworks */,
			);
			runOnlyForDeploymentPostprocessing = 0;
		};
/* End PBXFrameworksBuildPhase section */

/* Begin PBXGroup section */
		A336DF76270D612A008124F3 = {
			isa = PBXGroup;
			children = (
				A3417C4127101CB20097989F /* .gitignore */,
				A336DF81270D612A008124F3 /* AppStoreJSONApi */,
				A336DF80270D612A008124F3 /* Products */,
			);
			sourceTree = "<group>";
		};
		A336DF80270D612A008124F3 /* Products */ = {
			isa = PBXGroup;
			children = (
				A336DF7F270D612A008124F3 /* AppStoreJSONApi.app */,
			);
			name = Products;
			sourceTree = "<group>";
		};
		A336DF81270D612A008124F3 /* AppStoreJSONApi */ = {
			isa = PBXGroup;
			children = (
				A399798E270ED9830054437B /* Service */,
				A399798B270ED4620054437B /* Model */,
				A3997986270D9CF60054437B /* Helpers */,
				A3997983270D90350054437B /* Views */,
				A3997980270D76210054437B /* Controller */,
				A336DF82270D612A008124F3 /* AppDelegate.swift */,
				A336DF84270D612A008124F3 /* SceneDelegate.swift */,
				A336DF8B270D612B008124F3 /* Assets.xcassets */,
				A336DF8D270D612B008124F3 /* LaunchScreen.storyboard */,
				A3417C5827107F810097989F /* AppStoreJSONApi.entitlements */,
				A336DF90270D612B008124F3 /* Info.plist */,
			);
			path = AppStoreJSONApi;
			sourceTree = "<group>";
		};
		A3417C43271021B60097989F /* Apps */ = {
			isa = PBXGroup;
			children = (
				A3417C452710220A0097989F /* AppsPageController.swift */,
				A3417C472710232F0097989F /* BaseListController.swift */,
				A3417C5427105F8B0097989F /* AppsHeaderHorizontalController.swift */,
			);
			path = Apps;
			sourceTree = "<group>";
		};
		A3417C44271021BF0097989F /* Search */ = {
			isa = PBXGroup;
			children = (
				A3997981270D80F40054437B /* AppSearchControllerCollectionViewController.swift */,
			);
			path = Search;
			sourceTree = "<group>";
		};
		A3417C49271026B50097989F /* Apps */ = {
			isa = PBXGroup;
			children = (
				A3417C4A271026D80097989F /* AppsGroupCell.swift */,
				A3417C4E27104C6D0097989F /* AppRowCell.swift */,
				A3417C4C27102F9E0097989F /* AppsHorizontalController.swift */,
				A3417C5227105D180097989F /* AppsPageHeader.swift */,
				A3417C56271065820097989F /* AppsHeaderCell.swift */,
			);
			path = Apps;
			sourceTree = "<group>";
		};
		A3997980270D76210054437B /* Controller */ = {
			isa = PBXGroup;
			children = (
				A3417C44271021BF0097989F /* Search */,
				A3417C43271021B60097989F /* Apps */,
				A336DF96270D61CD008124F3 /* BaseTabBarController.swift */,
			);
			path = Controller;
			sourceTree = "<group>";
		};
		A3997983270D90350054437B /* Views */ = {
			isa = PBXGroup;
			children = (
				A3417C49271026B50097989F /* Apps */,
				A3997984270D90BE0054437B /* SearchResultCell.swift */,
			);
			path = Views;
			sourceTree = "<group>";
		};
		A3997986270D9CF60054437B /* Helpers */ = {
			isa = PBXGroup;
			children = (
				A3997987270D9FA80054437B /* UIView+Layout.swift */,
				A3997989270E9D080054437B /* VerticalStackView.swift */,
				A3417C5027104E100097989F /* Extension.swift */,
			);
			path = Helpers;
			sourceTree = "<group>";
		};
		A399798B270ED4620054437B /* Model */ = {
			isa = PBXGroup;
			children = (
				A399798C270ED4800054437B /* SearchResult.swift */,
				A3AD6E2B2715F06C00D39750 /* AppGroup.swift */,
			);
			path = Model;
			sourceTree = "<group>";
		};
		A399798E270ED9830054437B /* Service */ = {
			isa = PBXGroup;
			children = (
				A399798F270EDB2C0054437B /* Service.swift */,
			);
			path = Service;
			sourceTree = "<group>";
		};
/* End PBXGroup section */

/* Begin PBXNativeTarget section */
		A336DF7E270D612A008124F3 /* AppStoreJSONApi */ = {
			isa = PBXNativeTarget;
			buildConfigurationList = A336DF93270D612B008124F3 /* Build configuration list for PBXNativeTarget "AppStoreJSONApi" */;
			buildPhases = (
				A336DF7B270D612A008124F3 /* Sources */,
				A336DF7C270D612A008124F3 /* Frameworks */,
				A336DF7D270D612A008124F3 /* Resources */,
			);
			buildRules = (
			);
			dependencies = (
			);
			name = AppStoreJSONApi;
			packageProductDependencies = (
				A3997992270EEF760054437B /* SDWebImage */,
			);
			productName = AppStoreJSONApi;
			productReference = A336DF7F270D612A008124F3 /* AppStoreJSONApi.app */;
			productType = "com.apple.product-type.application";
		};
/* End PBXNativeTarget section */

/* Begin PBXProject section */
		A336DF77270D612A008124F3 /* Project object */ = {
			isa = PBXProject;
			attributes = {
				BuildIndependentTargetsInParallel = 1;
				LastSwiftUpdateCheck = 1300;
				LastUpgradeCheck = 1300;
				TargetAttributes = {
					A336DF7E270D612A008124F3 = {
						CreatedOnToolsVersion = 13.0;
					};
				};
			};
			buildConfigurationList = A336DF7A270D612A008124F3 /* Build configuration list for PBXProject "AppStoreJSONApi" */;
			compatibilityVersion = "Xcode 13.0";
			developmentRegion = en;
			hasScannedForEncodings = 0;
			knownRegions = (
				en,
				Base,
			);
			mainGroup = A336DF76270D612A008124F3;
			packageReferences = (
				A3997991270EEF760054437B /* XCRemoteSwiftPackageReference "SDWebImage" */,
			);
			productRefGroup = A336DF80270D612A008124F3 /* Products */;
			projectDirPath = "";
			projectRoot = "";
			targets = (
				A336DF7E270D612A008124F3 /* AppStoreJSONApi */,
			);
		};
/* End PBXProject section */

/* Begin PBXResourcesBuildPhase section */
		A336DF7D270D612A008124F3 /* Resources */ = {
			isa = PBXResourcesBuildPhase;
			buildActionMask = 2147483647;
			files = (
				A336DF8F270D612B008124F3 /* LaunchScreen.storyboard in Resources */,
				A3417C4227101CB20097989F /* .gitignore in Resources */,
				A336DF8C270D612B008124F3 /* Assets.xcassets in Resources */,
			);
			runOnlyForDeploymentPostprocessing = 0;
		};
/* End PBXResourcesBuildPhase section */

/* Begin PBXSourcesBuildPhase section */
		A336DF7B270D612A008124F3 /* Sources */ = {
			isa = PBXSourcesBuildPhase;
			buildActionMask = 2147483647;
			files = (
				A3417C5127104E100097989F /* Extension.swift in Sources */,
				A336DF97270D61CD008124F3 /* BaseTabBarController.swift in Sources */,
				A399798D270ED4800054437B /* SearchResult.swift in Sources */,
				A3AD6E2C2715F06C00D39750 /* AppGroup.swift in Sources */,
				A336DF83270D612A008124F3 /* AppDelegate.swift in Sources */,
				A3417C462710220A0097989F /* AppsPageController.swift in Sources */,
				A3997982270D80F40054437B /* AppSearchControllerCollectionViewController.swift in Sources */,
				A3417C482710232F0097989F /* BaseListController.swift in Sources */,
				A3417C4F27104C6D0097989F /* AppRowCell.swift in Sources */,
				A3417C57271065820097989F /* AppsHeaderCell.swift in Sources */,
				A3997985270D90BE0054437B /* SearchResultCell.swift in Sources */,
				A3417C5327105D180097989F /* AppsPageHeader.swift in Sources */,
				A3417C4B271026D80097989F /* AppsGroupCell.swift in Sources */,
				A399798A270E9D080054437B /* VerticalStackView.swift in Sources */,
				A3997990270EDB2C0054437B /* Service.swift in Sources */,
				A3997988270D9FA80054437B /* UIView+Layout.swift in Sources */,
				A3417C4D27102F9E0097989F /* AppsHorizontalController.swift in Sources */,
				A336DF85270D612A008124F3 /* SceneDelegate.swift in Sources */,
				A3417C5527105F8B0097989F /* AppsHeaderHorizontalController.swift in Sources */,
			);
			runOnlyForDeploymentPostprocessing = 0;
		};
/* End PBXSourcesBuildPhase section */

/* Begin PBXVariantGroup section */
		A336DF8D270D612B008124F3 /* LaunchScreen.storyboard */ = {
			isa = PBXVariantGroup;
			children = (
				A336DF8E270D612B008124F3 /* Base */,
			);
			name = LaunchScreen.storyboard;
			sourceTree = "<group>";
		};
/* End PBXVariantGroup section */

/* Begin XCBuildConfiguration section */
		A336DF91270D612B008124F3 /* Debug */ = {
			isa = XCBuildConfiguration;
			buildSettings = {
				ALWAYS_SEARCH_USER_PATHS = NO;
				CLANG_ANALYZER_NONNULL = YES;
				CLANG_ANALYZER_NUMBER_OBJECT_CONVERSION = YES_AGGRESSIVE;
				CLANG_CXX_LANGUAGE_STANDARD = "gnu++17";
				CLANG_CXX_LIBRARY = "libc++";
				CLANG_ENABLE_MODULES = YES;
				CLANG_ENABLE_OBJC_ARC = YES;
				CLANG_ENABLE_OBJC_WEAK = YES;
				CLANG_WARN_BLOCK_CAPTURE_AUTORELEASING = YES;
				CLANG_WARN_BOOL_CONVERSION = YES;
				CLANG_WARN_COMMA = YES;
				CLANG_WARN_CONSTANT_CONVERSION = YES;
				CLANG_WARN_DEPRECATED_OBJC_IMPLEMENTATIONS = YES;
				CLANG_WARN_DIRECT_OBJC_ISA_USAGE = YES_ERROR;
				CLANG_WARN_DOCUMENTATION_COMMENTS = YES;
				CLANG_WARN_EMPTY_BODY = YES;
				CLANG_WARN_ENUM_CONVERSION = YES;
				CLANG_WARN_INFINITE_RECURSION = YES;
				CLANG_WARN_INT_CONVERSION = YES;
				CLANG_WARN_NON_LITERAL_NULL_CONVERSION = YES;
				CLANG_WARN_OBJC_IMPLICIT_RETAIN_SELF = YES;
				CLANG_WARN_OBJC_LITERAL_CONVERSION = YES;
				CLANG_WARN_OBJC_ROOT_CLASS = YES_ERROR;
				CLANG_WARN_QUOTED_INCLUDE_IN_FRAMEWORK_HEADER = YES;
				CLANG_WARN_RANGE_LOOP_ANALYSIS = YES;
				CLANG_WARN_STRICT_PROTOTYPES = YES;
				CLANG_WARN_SUSPICIOUS_MOVE = YES;
				CLANG_WARN_UNGUARDED_AVAILABILITY = YES_AGGRESSIVE;
				CLANG_WARN_UNREACHABLE_CODE = YES;
				CLANG_WARN__DUPLICATE_METHOD_MATCH = YES;
				COPY_PHASE_STRIP = NO;
				DEBUG_INFORMATION_FORMAT = dwarf;
				ENABLE_STRICT_OBJC_MSGSEND = YES;
				ENABLE_TESTABILITY = YES;
				GCC_C_LANGUAGE_STANDARD = gnu11;
				GCC_DYNAMIC_NO_PIC = NO;
				GCC_NO_COMMON_BLOCKS = YES;
				GCC_OPTIMIZATION_LEVEL = 0;
				GCC_PREPROCESSOR_DEFINITIONS = (
					"DEBUG=1",
					"$(inherited)",
				);
				GCC_WARN_64_TO_32_BIT_CONVERSION = YES;
				GCC_WARN_ABOUT_RETURN_TYPE = YES_ERROR;
				GCC_WARN_UNDECLARED_SELECTOR = YES;
				GCC_WARN_UNINITIALIZED_AUTOS = YES_AGGRESSIVE;
				GCC_WARN_UNUSED_FUNCTION = YES;
				GCC_WARN_UNUSED_VARIABLE = YES;
				IPHONEOS_DEPLOYMENT_TARGET = 15.0;
				MTL_ENABLE_DEBUG_INFO = INCLUDE_SOURCE;
				MTL_FAST_MATH = YES;
				ONLY_ACTIVE_ARCH = YES;
				SDKROOT = iphoneos;
				SWIFT_ACTIVE_COMPILATION_CONDITIONS = DEBUG;
				SWIFT_OPTIMIZATION_LEVEL = "-Onone";
			};
			name = Debug;
		};
		A336DF92270D612B008124F3 /* Release */ = {
			isa = XCBuildConfiguration;
			buildSettings = {
				ALWAYS_SEARCH_USER_PATHS = NO;
				CLANG_ANALYZER_NONNULL = YES;
				CLANG_ANALYZER_NUMBER_OBJECT_CONVERSION = YES_AGGRESSIVE;
				CLANG_CXX_LANGUAGE_STANDARD = "gnu++17";
				CLANG_CXX_LIBRARY = "libc++";
				CLANG_ENABLE_MODULES = YES;
				CLANG_ENABLE_OBJC_ARC = YES;
				CLANG_ENABLE_OBJC_WEAK = YES;
				CLANG_WARN_BLOCK_CAPTURE_AUTORELEASING = YES;
				CLANG_WARN_BOOL_CONVERSION = YES;
				CLANG_WARN_COMMA = YES;
				CLANG_WARN_CONSTANT_CONVERSION = YES;
				CLANG_WARN_DEPRECATED_OBJC_IMPLEMENTATIONS = YES;
				CLANG_WARN_DIRECT_OBJC_ISA_USAGE = YES_ERROR;
				CLANG_WARN_DOCUMENTATION_COMMENTS = YES;
				CLANG_WARN_EMPTY_BODY = YES;
				CLANG_WARN_ENUM_CONVERSION = YES;
				CLANG_WARN_INFINITE_RECURSION = YES;
				CLANG_WARN_INT_CONVERSION = YES;
				CLANG_WARN_NON_LITERAL_NULL_CONVERSION = YES;
				CLANG_WARN_OBJC_IMPLICIT_RETAIN_SELF = YES;
				CLANG_WARN_OBJC_LITERAL_CONVERSION = YES;
				CLANG_WARN_OBJC_ROOT_CLASS = YES_ERROR;
				CLANG_WARN_QUOTED_INCLUDE_IN_FRAMEWORK_HEADER = YES;
				CLANG_WARN_RANGE_LOOP_ANALYSIS = YES;
				CLANG_WARN_STRICT_PROTOTYPES = YES;
				CLANG_WARN_SUSPICIOUS_MOVE = YES;
				CLANG_WARN_UNGUARDED_AVAILABILITY = YES_AGGRESSIVE;
				CLANG_WARN_UNREACHABLE_CODE = YES;
				CLANG_WARN__DUPLICATE_METHOD_MATCH = YES;
				COPY_PHASE_STRIP = NO;
				DEBUG_INFORMATION_FORMAT = "dwarf-with-dsym";
				ENABLE_NS_ASSERTIONS = NO;
				ENABLE_STRICT_OBJC_MSGSEND = YES;
				GCC_C_LANGUAGE_STANDARD = gnu11;
				GCC_NO_COMMON_BLOCKS = YES;
				GCC_WARN_64_TO_32_BIT_CONVERSION = YES;
				GCC_WARN_ABOUT_RETURN_TYPE = YES_ERROR;
				GCC_WARN_UNDECLARED_SELECTOR = YES;
				GCC_WARN_UNINITIALIZED_AUTOS = YES_AGGRESSIVE;
				GCC_WARN_UNUSED_FUNCTION = YES;
				GCC_WARN_UNUSED_VARIABLE = YES;
				IPHONEOS_DEPLOYMENT_TARGET = 15.0;
				MTL_ENABLE_DEBUG_INFO = NO;
				MTL_FAST_MATH = YES;
				SDKROOT = iphoneos;
				SWIFT_COMPILATION_MODE = wholemodule;
				SWIFT_OPTIMIZATION_LEVEL = "-O";
				VALIDATE_PRODUCT = YES;
			};
			name = Release;
		};
		A336DF94270D612B008124F3 /* Debug */ = {
			isa = XCBuildConfiguration;
			buildSettings = {
				ASSETCATALOG_COMPILER_APPICON_NAME = AppIcon;
				ASSETCATALOG_COMPILER_GLOBAL_ACCENT_COLOR_NAME = AccentColor;
				CODE_SIGN_ENTITLEMENTS = AppStoreJSONApi/AppStoreJSONApi.entitlements;
				CODE_SIGN_STYLE = Automatic;
				CURRENT_PROJECT_VERSION = 1;
				DEVELOPMENT_TEAM = 6S7VJYCU8F;
				GENERATE_INFOPLIST_FILE = YES;
				INFOPLIST_FILE = AppStoreJSONApi/Info.plist;
				INFOPLIST_KEY_UIApplicationSupportsIndirectInputEvents = YES;
				INFOPLIST_KEY_UILaunchStoryboardName = LaunchScreen;
				INFOPLIST_KEY_UISupportedInterfaceOrientations_iPad = "UIInterfaceOrientationPortrait UIInterfaceOrientationPortraitUpsideDown UIInterfaceOrientationLandscapeLeft UIInterfaceOrientationLandscapeRight";
				INFOPLIST_KEY_UISupportedInterfaceOrientations_iPhone = "UIInterfaceOrientationPortrait UIInterfaceOrientationLandscapeLeft UIInterfaceOrientationLandscapeRight";
				IPHONEOS_DEPLOYMENT_TARGET = 15.0;
				LD_RUNPATH_SEARCH_PATHS = (
					"$(inherited)",
					"@executable_path/Frameworks",
				);
				MARKETING_VERSION = 1.0;
				PRODUCT_BUNDLE_IDENTIFIER = RayenD.AppStoreJSONApi;
				PRODUCT_NAME = "$(TARGET_NAME)";
				SUPPORTS_MACCATALYST = YES;
				SWIFT_EMIT_LOC_STRINGS = YES;
				SWIFT_VERSION = 5.0;
				TARGETED_DEVICE_FAMILY = "1,2,6";
			};
			name = Debug;
		};
		A336DF95270D612B008124F3 /* Release */ = {
			isa = XCBuildConfiguration;
			buildSettings = {
				ASSETCATALOG_COMPILER_APPICON_NAME = AppIcon;
				ASSETCATALOG_COMPILER_GLOBAL_ACCENT_COLOR_NAME = AccentColor;
				CODE_SIGN_ENTITLEMENTS = AppStoreJSONApi/AppStoreJSONApi.entitlements;
				CODE_SIGN_STYLE = Automatic;
				CURRENT_PROJECT_VERSION = 1;
				DEVELOPMENT_TEAM = 6S7VJYCU8F;
				GENERATE_INFOPLIST_FILE = YES;
				INFOPLIST_FILE = AppStoreJSONApi/Info.plist;
				INFOPLIST_KEY_UIApplicationSupportsIndirectInputEvents = YES;
				INFOPLIST_KEY_UILaunchStoryboardName = LaunchScreen;
				INFOPLIST_KEY_UISupportedInterfaceOrientations_iPad = "UIInterfaceOrientationPortrait UIInterfaceOrientationPortraitUpsideDown UIInterfaceOrientationLandscapeLeft UIInterfaceOrientationLandscapeRight";
				INFOPLIST_KEY_UISupportedInterfaceOrientations_iPhone = "UIInterfaceOrientationPortrait UIInterfaceOrientationLandscapeLeft UIInterfaceOrientationLandscapeRight";
				IPHONEOS_DEPLOYMENT_TARGET = 15.0;
				LD_RUNPATH_SEARCH_PATHS = (
					"$(inherited)",
					"@executable_path/Frameworks",
				);
				MARKETING_VERSION = 1.0;
				PRODUCT_BUNDLE_IDENTIFIER = RayenD.AppStoreJSONApi;
				PRODUCT_NAME = "$(TARGET_NAME)";
				SUPPORTS_MACCATALYST = YES;
				SWIFT_EMIT_LOC_STRINGS = YES;
				SWIFT_VERSION = 5.0;
				TARGETED_DEVICE_FAMILY = "1,2,6";
			};
			name = Release;
		};
/* End XCBuildConfiguration section */

/* Begin XCConfigurationList section */
		A336DF7A270D612A008124F3 /* Build configuration list for PBXProject "AppStoreJSONApi" */ = {
			isa = XCConfigurationList;
			buildConfigurations = (
				A336DF91270D612B008124F3 /* Debug */,
				A336DF92270D612B008124F3 /* Release */,
			);
			defaultConfigurationIsVisible = 0;
			defaultConfigurationName = Release;
		};
		A336DF93270D612B008124F3 /* Build configuration list for PBXNativeTarget "AppStoreJSONApi" */ = {
			isa = XCConfigurationList;
			buildConfigurations = (
				A336DF94270D612B008124F3 /* Debug */,
				A336DF95270D612B008124F3 /* Release */,
			);
			defaultConfigurationIsVisible = 0;
			defaultConfigurationName = Release;
		};
/* End XCConfigurationList section */

/* Begin XCRemoteSwiftPackageReference section */
		A3997991270EEF760054437B /* XCRemoteSwiftPackageReference "SDWebImage" */ = {
			isa = XCRemoteSwiftPackageReference;
			repositoryURL = "https://github.com/SDWebImage/SDWebImage.git";
			requirement = {
				kind = upToNextMajorVersion;
				minimumVersion = 5.1.0;
			};
		};
/* End XCRemoteSwiftPackageReference section */

/* Begin XCSwiftPackageProductDependency section */
		A3997992270EEF760054437B /* SDWebImage */ = {
			isa = XCSwiftPackageProductDependency;
			package = A3997991270EEF760054437B /* XCRemoteSwiftPackageReference "SDWebImage" */;
			productName = SDWebImage;
		};
/* End XCSwiftPackageProductDependency section */
	};
	rootObject = A336DF77270D612A008124F3 /* Project object */;
}
